
Microsoft Visual Studio Solution File, Format Version 12.00
# Visual Studio Version 16
VisualStudioVersion = 16.0.29411.138
MinimumVisualStudioVersion = 10.0.40219.1
Project("{8BC9CEB8-8B4A-11D0-8D11-00A0C91BC942}") = "MyApp", "MyApp\MyApp.vcxproj", "{7DA9E0C7-90E0-402E-98F3-3E1D9528E4D9}"
EndProject
Project("{FAE04EC0-301F-11D3-BF4B-00C04F79EFBC}") = "SampleLibraryCS", "ManagedComponent\SampleLibraryCS.csproj", "{8714C298-3B3B-4993-A258-6054EF89289A}"
EndProject
Project("{FAE04EC0-301F-11D3-BF4B-00C04F79EFBC}") = "ManagedApp", "ManagedApp\ManagedApp.csproj", "{F4E31FFA-4EF9-4911-B523-6AF6C5218398}"
EndProject
Global
	GlobalSection(SolutionConfigurationPlatforms) = preSolution
		Debug|Any CPU = Debug|Any CPU
		Debug|ARM = Debug|ARM
		Debug|ARM64 = Debug|ARM64
		Debug|x64 = Debug|x64
		Debug|x86 = Debug|x86
		Release|Any CPU = Release|Any CPU
		Release|ARM = Release|ARM
		Release|ARM64 = Release|ARM64
		Release|x64 = Release|x64
		Release|x86 = Release|x86
	EndGlobalSection
	GlobalSection(ProjectConfigurationPlatforms) = postSolution
		{7DA9E0C7-90E0-402E-98F3-3E1D9528E4D9}.Debug|Any CPU.ActiveCfg = Debug|Win32
		{7DA9E0C7-90E0-402E-98F3-3E1D9528E4D9}.Debug|ARM.ActiveCfg = Debug|ARM
		{7DA9E0C7-90E0-402E-98F3-3E1D9528E4D9}.Debug|ARM.Build.0 = Debug|ARM
		{7DA9E0C7-90E0-402E-98F3-3E1D9528E4D9}.Debug|ARM.Deploy.0 = Debug|ARM
		{7DA9E0C7-90E0-402E-98F3-3E1D9528E4D9}.Debug|ARM64.ActiveCfg = Debug|Win32
		{7DA9E0C7-90E0-402E-98F3-3E1D9528E4D9}.Debug|x64.ActiveCfg = Debug|x64
		{7DA9E0C7-90E0-402E-98F3-3E1D9528E4D9}.Debug|x64.Build.0 = Debug|x64
		{7DA9E0C7-90E0-402E-98F3-3E1D9528E4D9}.Debug|x64.Deploy.0 = Debug|x64
		{7DA9E0C7-90E0-402E-98F3-3E1D9528E4D9}.Debug|x86.ActiveCfg = Debug|Win32
		{7DA9E0C7-90E0-402E-98F3-3E1D9528E4D9}.Debug|x86.Build.0 = Debug|Win32
		{7DA9E0C7-90E0-402E-98F3-3E1D9528E4D9}.Debug|x86.Deploy.0 = Debug|Win32
		{7DA9E0C7-90E0-402E-98F3-3E1D9528E4D9}.Release|Any CPU.ActiveCfg = Release|Win32
		{7DA9E0C7-90E0-402E-98F3-3E1D9528E4D9}.Release|ARM.ActiveCfg = Release|ARM
		{7DA9E0C7-90E0-402E-98F3-3E1D9528E4D9}.Release|ARM.Build.0 = Release|ARM
		{7DA9E0C7-90E0-402E-98F3-3E1D9528E4D9}.Release|ARM.Deploy.0 = Release|ARM
		{7DA9E0C7-90E0-402E-98F3-3E1D9528E4D9}.Release|ARM64.ActiveCfg = Release|Win32
		{7DA9E0C7-90E0-402E-98F3-3E1D9528E4D9}.Release|x64.ActiveCfg = Release|x64
		{7DA9E0C7-90E0-402E-98F3-3E1D9528E4D9}.Release|x64.Build.0 = Release|x64
		{7DA9E0C7-90E0-402E-98F3-3E1D9528E4D9}.Release|x64.Deploy.0 = Release|x64
		{7DA9E0C7-90E0-402E-98F3-3E1D9528E4D9}.Release|x86.ActiveCfg = Release|Win32
		{7DA9E0C7-90E0-402E-98F3-3E1D9528E4D9}.Release|x86.Build.0 = Release|Win32
		{7DA9E0C7-90E0-402E-98F3-3E1D9528E4D9}.Release|x86.Deploy.0 = Release|Win32
		{8714C298-3B3B-4993-A258-6054EF89289A}.Debug|Any CPU.ActiveCfg = Debug|Any CPU
		{8714C298-3B3B-4993-A258-6054EF89289A}.Debug|Any CPU.Build.0 = Debug|Any CPU
		{8714C298-3B3B-4993-A258-6054EF89289A}.Debug|ARM.ActiveCfg = Debug|ARM
		{8714C298-3B3B-4993-A258-6054EF89289A}.Debug|ARM.Build.0 = Debug|ARM
		{8714C298-3B3B-4993-A258-6054EF89289A}.Debug|ARM64.ActiveCfg = Debug|ARM64
		{8714C298-3B3B-4993-A258-6054EF89289A}.Debug|ARM64.Build.0 = Debug|ARM64
		{8714C298-3B3B-4993-A258-6054EF89289A}.Debug|x64.ActiveCfg = Debug|x64
		{8714C298-3B3B-4993-A258-6054EF89289A}.Debug|x64.Build.0 = Debug|x64
		{8714C298-3B3B-4993-A258-6054EF89289A}.Debug|x86.ActiveCfg = Debug|x86
		{8714C298-3B3B-4993-A258-6054EF89289A}.Debug|x86.Build.0 = Debug|x86
		{8714C298-3B3B-4993-A258-6054EF89289A}.Release|Any CPU.ActiveCfg = Release|Any CPU
		{8714C298-3B3B-4993-A258-6054EF89289A}.Release|Any CPU.Build.0 = Release|Any CPU
		{8714C298-3B3B-4993-A258-6054EF89289A}.Release|ARM.ActiveCfg = Release|ARM
		{8714C298-3B3B-4993-A258-6054EF89289A}.Release|ARM.Build.0 = Release|ARM
		{8714C298-3B3B-4993-A258-6054EF89289A}.Release|ARM64.ActiveCfg = Release|ARM64
		{8714C298-3B3B-4993-A258-6054EF89289A}.Release|ARM64.Build.0 = Release|ARM64
		{8714C298-3B3B-4993-A258-6054EF89289A}.Release|x64.ActiveCfg = Release|x64
		{8714C298-3B3B-4993-A258-6054EF89289A}.Release|x64.Build.0 = Release|x64
		{8714C298-3B3B-4993-A258-6054EF89289A}.Release|x86.ActiveCfg = Release|x86
		{8714C298-3B3B-4993-A258-6054EF89289A}.Release|x86.Build.0 = Release|x86
		{F4E31FFA-4EF9-4911-B523-6AF6C5218398}.Debug|Any CPU.ActiveCfg = Debug|x86
		{F4E31FFA-4EF9-4911-B523-6AF6C5218398}.Debug|ARM.ActiveCfg = Debug|ARM
		{F4E31FFA-4EF9-4911-B523-6AF6C5218398}.Debug|ARM.Build.0 = Debug|ARM
		{F4E31FFA-4EF9-4911-B523-6AF6C5218398}.Debug|ARM.Deploy.0 = Debug|ARM
		{F4E31FFA-4EF9-4911-B523-6AF6C5218398}.Debug|ARM64.ActiveCfg = Debug|ARM64
		{F4E31FFA-4EF9-4911-B523-6AF6C5218398}.Debug|ARM64.Build.0 = Debug|ARM64
		{F4E31FFA-4EF9-4911-B523-6AF6C5218398}.Debug|ARM64.Deploy.0 = Debug|ARM64
		{F4E31FFA-4EF9-4911-B523-6AF6C5218398}.Debug|x64.ActiveCfg = Debug|x64
		{F4E31FFA-4EF9-4911-B523-6AF6C5218398}.Debug|x64.Build.0 = Debug|x64
		{F4E31FFA-4EF9-4911-B523-6AF6C5218398}.Debug|x64.Deploy.0 = Debug|x64
		{F4E31FFA-4EF9-4911-B523-6AF6C5218398}.Debug|x86.ActiveCfg = Debug|x86
		{F4E31FFA-4EF9-4911-B523-6AF6C5218398}.Debug|x86.Build.0 = Debug|x86
		{F4E31FFA-4EF9-4911-B523-6AF6C5218398}.Debug|x86.Deploy.0 = Debug|x86
		{F4E31FFA-4EF9-4911-B523-6AF6C5218398}.Release|Any CPU.ActiveCfg = Release|x86
		{F4E31FFA-4EF9-4911-B523-6AF6C5218398}.Release|ARM.ActiveCfg = Release|ARM
		{F4E31FFA-4EF9-4911-B523-6AF6C5218398}.Release|ARM.Build.0 = Release|ARM
		{F4E31FFA-4EF9-4911-B523-6AF6C5218398}.Release|ARM.Deploy.0 = Release|ARM
		{F4E31FFA-4EF9-4911-B523-6AF6C5218398}.Release|ARM64.ActiveCfg = Release|ARM64
		{F4E31FFA-4EF9-4911-B523-6AF6C5218398}.Release|ARM64.Build.0 = Release|ARM64
		{F4E31FFA-4EF9-4911-B523-6AF6C5218398}.Release|ARM64.Deploy.0 = Release|ARM64
		{F4E31FFA-4EF9-4911-B523-6AF6C5218398}.Release|x64.ActiveCfg = Release|x64
		{F4E31FFA-4EF9-4911-B523-6AF6C5218398}.Release|x64.Build.0 = Release|x64
		{F4E31FFA-4EF9-4911-B523-6AF6C5218398}.Release|x64.Deploy.0 = Release|x64
		{F4E31FFA-4EF9-4911-B523-6AF6C5218398}.Release|x86.ActiveCfg = Release|x86
		{F4E31FFA-4EF9-4911-B523-6AF6C5218398}.Release|x86.Build.0 = Release|x86
		{F4E31FFA-4EF9-4911-B523-6AF6C5218398}.Release|x86.Deploy.0 = Release|x86
	EndGlobalSection
	GlobalSection(SolutionProperties) = preSolution
		HideSolutionNode = FALSE
	EndGlobalSection
	GlobalSection(ExtensibilityGlobals) = postSolution
		SolutionGuid = {F3A31BFB-598F-4F71-A9E2-46C870037912}
	EndGlobalSection
EndGlobal
